
Microsoft Visual Studio Solution File, Format Version 12.00
# Visual Studio Version 17
VisualStudioVersion = 17.3.32811.315
MinimumVisualStudioVersion = 10.0.40219.1
Project("{FAE04EC0-301F-11D3-BF4B-00C04F79EFBC}") = "VoiceSageExample", "VoiceSageExample\VoiceSageExample.csproj", "{3770CBCB-ED35-4857-B0BB-A69C40D285E7}"
EndProject
Global
	GlobalSection(SolutionConfigurationPlatforms) = preSolution
		Debug|Any CPU = Debug|Any CPU
		Release|Any CPU = Release|Any CPU
	EndGlobalSection
	GlobalSection(ProjectConfigurationPlatforms) = postSolution
		{3770CBCB-ED35-4857-B0BB-A69C40D285E7}.Debug|Any CPU.ActiveCfg = Debug|Any CPU
		{3770CBCB-ED35-4857-B0BB-A69C40D285E7}.Debug|Any CPU.Build.0 = Debug|Any CPU
		{3770CBCB-ED35-4857-B0BB-A69C40D285E7}.Release|Any CPU.ActiveCfg = Release|Any CPU
		{3770CBCB-ED35-4857-B0BB-A69C40D285E7}.Release|Any CPU.Build.0 = Release|Any CPU
	EndGlobalSection
	GlobalSection(SolutionProperties) = preSolution
		HideSolutionNode = FALSE
	EndGlobalSection
	GlobalSection(ExtensibilityGlobals) = postSolution
		SolutionGuid = {1B3295FB-AA1B-4955-BD7D-3088F5CB9FA6}
	EndGlobalSection
EndGlobal
